
Microsoft Visual Studio Solution File, Format Version 12.00
# Visual Studio Version 16
VisualStudioVersion = 16.0.30517.126
MinimumVisualStudioVersion = 10.0.40219.1
Project("{FAE04EC0-301F-11D3-BF4B-00C04F79EFBC}") = "ValueAndReferenceTypes", "ValueAndReferenceTypes\ValueAndReferenceTypes.csproj", "{EB6D6C38-F0DC-41C4-AF93-BC92D5316C32}"
EndProject
Project("{FAE04EC0-301F-11D3-BF4B-00C04F79EFBC}") = "Interfaces", "Interfaces\Interfaces.csproj", "{F224981B-5DB6-4AE7-9A5F-9E632C4107A5}"
EndProject
Project("{FAE04EC0-301F-11D3-BF4B-00C04F79EFBC}") = "AbstractClasses", "AbstractClasses\AbstractClasses.csproj", "{B7D655BB-8DB6-48B4-949C-93BEF1ED9BD9}"
EndProject
Global
	GlobalSection(SolutionConfigurationPlatforms) = preSolution
		Debug|Any CPU = Debug|Any CPU
		Release|Any CPU = Release|Any CPU
	EndGlobalSection
	GlobalSection(ProjectConfigurationPlatforms) = postSolution
		{EB6D6C38-F0DC-41C4-AF93-BC92D5316C32}.Debug|Any CPU.ActiveCfg = Debug|Any CPU
		{EB6D6C38-F0DC-41C4-AF93-BC92D5316C32}.Debug|Any CPU.Build.0 = Debug|Any CPU
		{EB6D6C38-F0DC-41C4-AF93-BC92D5316C32}.Release|Any CPU.ActiveCfg = Release|Any CPU
		{EB6D6C38-F0DC-41C4-AF93-BC92D5316C32}.Release|Any CPU.Build.0 = Release|Any CPU
		{F224981B-5DB6-4AE7-9A5F-9E632C4107A5}.Debug|Any CPU.ActiveCfg = Debug|Any CPU
		{F224981B-5DB6-4AE7-9A5F-9E632C4107A5}.Debug|Any CPU.Build.0 = Debug|Any CPU
		{F224981B-5DB6-4AE7-9A5F-9E632C4107A5}.Release|Any CPU.ActiveCfg = Release|Any CPU
		{F224981B-5DB6-4AE7-9A5F-9E632C4107A5}.Release|Any CPU.Build.0 = Release|Any CPU
		{B7D655BB-8DB6-48B4-949C-93BEF1ED9BD9}.Debug|Any CPU.ActiveCfg = Debug|Any CPU
		{B7D655BB-8DB6-48B4-949C-93BEF1ED9BD9}.Debug|Any CPU.Build.0 = Debug|Any CPU
		{B7D655BB-8DB6-48B4-949C-93BEF1ED9BD9}.Release|Any CPU.ActiveCfg = Release|Any CPU
		{B7D655BB-8DB6-48B4-949C-93BEF1ED9BD9}.Release|Any CPU.Build.0 = Release|Any CPU
	EndGlobalSection
	GlobalSection(SolutionProperties) = preSolution
		HideSolutionNode = FALSE
	EndGlobalSection
	GlobalSection(ExtensibilityGlobals) = postSolution
		SolutionGuid = {97222347-DC8B-4760-87B0-3CEB9041DDA7}
	EndGlobalSection
EndGlobal
